
Microsoft Visual Studio Solution File, Format Version 12.00
# Visual Studio 2015
Project("{FAE04EC0-301F-11D3-BF4B-00C04F79EFBC}") = "Cloth Physics", "Cloth Physics.csproj", "{64A76706-80E1-53E7-E78E-7E2E502A8BFE}"
EndProject
Global
	GlobalSection(SolutionConfigurationPlatforms) = preSolution
		Debug|Any CPU = Debug|Any CPU
		Release|Any CPU = Release|Any CPU
	EndGlobalSection
	GlobalSection(ProjectConfigurationPlatforms) = postSolution
		{64A76706-80E1-53E7-E78E-7E2E502A8BFE}.Debug|Any CPU.ActiveCfg = Debug|Any CPU
		{64A76706-80E1-53E7-E78E-7E2E502A8BFE}.Debug|Any CPU.Build.0 = Debug|Any CPU
		{64A76706-80E1-53E7-E78E-7E2E502A8BFE}.Release|Any CPU.ActiveCfg = Release|Any CPU
		{64A76706-80E1-53E7-E78E-7E2E502A8BFE}.Release|Any CPU.Build.0 = Release|Any CPU
	EndGlobalSection
	GlobalSection(SolutionProperties) = preSolution
		HideSolutionNode = FALSE
	EndGlobalSection
EndGlobal
